<?xml version="1.0" encoding="utf-8"?>
<Project ToolsVersion="4.0" xmlns="http://schemas.microsoft.com/developer/msbuild/2003">
  <ItemGroup>
    <Filter Include="소스 파일">
      <UniqueIdentifier>{4FC737F1-C7A5-4376-A066-2A32D752A2FF}</UniqueIdentifier>
      <Extensions>cpp;c;cc;cxx;c++;def;odl;idl;hpj;bat;asm;asmx</Extensions>
    </Filter>
    <Filter Include="헤더 파일">
      <UniqueIdentifier>{93995380-89BD-4b04-88EB-625FBE52EBFB}</UniqueIdentifier>
      <Extensions>h;hh;hpp;hxx;h++;hm;inl;inc;ipp;xsd</Extensions>
    </Filter>
    <Filter Include="리소스 파일">
      <UniqueIdentifier>{67DA6AB6-F800-4c08-8B7A-83BB121AAD01}</UniqueIdentifier>
      <Extensions>rc;ico;cur;bmp;dlg;rc2;rct;bin;rgs;gif;jpg;jpeg;jpe;resx;tiff;tif;png;wav;mfcribbon-ms</Extensions>
    </Filter>
  </ItemGroup>
  <ItemGroup>
    <ClCompile Include="base.cpp">
      <Filter>소스 파일</Filter>
    </ClCompile>
    <ClCompile Include="GamePlay.cpp">
      <Filter>소스 파일</Filter>
    </ClCompile>
    <ClCompile Include="header.h">
      <Filter>헤더 파일</Filter>
    </ClCompile>
    <ClCompile Include="Main Screen.cpp">
      <Filter>소스 파일</Filter>
    </ClCompile>
    <ClCompile Include="In Game.cpp">
      <Filter>소스 파일</Filter>
    </ClCompile>
    <ClCompile Include="Other Screens.cpp">
      <Filter>소스 파일</Filter>
    </ClCompile>
  </ItemGroup>
  <ItemGroup>
    <Image Include="..\..\윈플 텀 프로젝트\charIdle2.png">
      <Filter>리소스 파일</Filter>
    </Image>
    <Image Include="..\..\윈플 텀 프로젝트\bgImg_stage1.jpg">
      <Filter>리소스 파일</Filter>
    </Image>
    <Image Include="..\..\윈플 텀 프로젝트\card.png">
      <Filter>리소스 파일</Filter>
    </Image>
    <Image Include="..\..\윈플 텀 프로젝트\charAttack1.png">
      <Filter>리소스 파일</Filter>
    </Image>
    <Image Include="..\..\윈플 텀 프로젝트\charAttack2.png">
      <Filter>리소스 파일</Filter>
    </Image>
    <Image Include="..\..\윈플 텀 프로젝트\charAttack3.png">
      <Filter>리소스 파일</Filter>
    </Image>
    <Image Include="..\..\윈플 텀 프로젝트\charIdle1.png">
      <Filter>리소스 파일</Filter>
    </Image>
    <Image Include="Start_game.png">
      <Filter>리소스 파일</Filter>
    </Image>
    <Image Include="Dictionary.png">
      <Filter>리소스 파일</Filter>
    </Image>
    <Image Include="Exit.png">
      <Filter>리소스 파일</Filter>
    </Image>
    <Image Include="Character1.png">
      <Filter>리소스 파일</Filter>
    </Image>
    <Image Include="Character2.png">
      <Filter>리소스 파일</Filter>
    </Image>
    <Image Include="RcharAttack4.png">
      <Filter>리소스 파일</Filter>
    </Image>
    <Image Include="RcharAttack5.png">
      <Filter>리소스 파일</Filter>
    </Image>
    <Image Include="RcharAttack6.png">
      <Filter>리소스 파일</Filter>
    </Image>
    <Image Include="RcharAttack7.png">
      <Filter>리소스 파일</Filter>
    </Image>
    <Image Include="RcharIdle1.png">
      <Filter>리소스 파일</Filter>
    </Image>
    <Image Include="RcharIdle2.png">
      <Filter>리소스 파일</Filter>
    </Image>
    <Image Include="RcharAttack1.png">
      <Filter>리소스 파일</Filter>
    </Image>
    <Image Include="RcharAttack2.png">
      <Filter>리소스 파일</Filter>
    </Image>
    <Image Include="RcharAttack3.png">
      <Filter>리소스 파일</Filter>
    </Image>
    <Image Include="공격카드.png">
      <Filter>리소스 파일</Filter>
    </Image>
    <Image Include="방어카드.png">
      <Filter>리소스 파일</Filter>
    </Image>
    <Image Include="Main_screen.png">
      <Filter>리소스 파일</Filter>
    </Image>
    <Image Include="Dictionary_.png">
      <Filter>리소스 파일</Filter>
    </Image>
    <Image Include="Exit_.png">
      <Filter>리소스 파일</Filter>
    </Image>
    <Image Include="Start_game_.png">
      <Filter>리소스 파일</Filter>
    </Image>
    <Image Include="IG_Map.png">
      <Filter>리소스 파일</Filter>
    </Image>
    <Image Include="Legend.png">
      <Filter>리소스 파일</Filter>
    </Image>
    <Image Include="Boss.png">
      <Filter>리소스 파일</Filter>
    </Image>
    <Image Include="Status_Bar.PNG">
      <Filter>리소스 파일</Filter>
    </Image>
    <Image Include="slime_attack1.png">
      <Filter>리소스 파일</Filter>
    </Image>
    <Image Include="slime_attack2.png">
      <Filter>리소스 파일</Filter>
    </Image>
    <Image Include="slime_attack3.png">
      <Filter>리소스 파일</Filter>
    </Image>
    <Image Include="slime_attack4.png">
      <Filter>리소스 파일</Filter>
    </Image>
    <Image Include="slime_attack5.png">
      <Filter>리소스 파일</Filter>
    </Image>
    <Image Include="slime_attack6.png">
      <Filter>리소스 파일</Filter>
    </Image>
    <Image Include="slime_idle1.png">
      <Filter>리소스 파일</Filter>
    </Image>
    <Image Include="slime_idle2.png">
      <Filter>리소스 파일</Filter>
    </Image>
    <Image Include="slime_idle3.png">
      <Filter>리소스 파일</Filter>
    </Image>
    <Image Include="slime_idle4.png">
      <Filter>리소스 파일</Filter>
    </Image>
    <Image Include="slime_idle5.png">
      <Filter>리소스 파일</Filter>
    </Image>
    <Image Include="slime_idle6.png">
      <Filter>리소스 파일</Filter>
    </Image>
    <Image Include="Rest.png">
      <Filter>리소스 파일</Filter>
    </Image>
    <Image Include="Basic_Enemy.png">
      <Filter>리소스 파일</Filter>
    </Image>
    <Image Include="Elite_Enemy.png">
      <Filter>리소스 파일</Filter>
    </Image>
    <Image Include="Basic_Enemy_.png">
      <Filter>리소스 파일</Filter>
    </Image>
    <Image Include="Basic_Enemy_2.png">
      <Filter>리소스 파일</Filter>
    </Image>
    <Image Include="Boss_.png">
      <Filter>리소스 파일</Filter>
    </Image>
    <Image Include="Boss_2.png">
      <Filter>리소스 파일</Filter>
    </Image>
    <Image Include="Elite_Enemy_.png">
      <Filter>리소스 파일</Filter>
    </Image>
    <Image Include="Elite_Enemy_2.png">
      <Filter>리소스 파일</Filter>
    </Image>
    <Image Include="Merchant.png">
      <Filter>리소스 파일</Filter>
    </Image>
    <Image Include="Merchant_.png">
      <Filter>리소스 파일</Filter>
    </Image>
    <Image Include="Merchant_2.png">
      <Filter>리소스 파일</Filter>
    </Image>
    <Image Include="Random.png">
      <Filter>리소스 파일</Filter>
    </Image>
    <Image Include="Random_.png">
      <Filter>리소스 파일</Filter>
    </Image>
    <Image Include="Random_2.png">
      <Filter>리소스 파일</Filter>
    </Image>
    <Image Include="Relics.png">
      <Filter>리소스 파일</Filter>
    </Image>
    <Image Include="Relics_.png">
      <Filter>리소스 파일</Filter>
    </Image>
    <Image Include="Relics_2.png">
      <Filter>리소스 파일</Filter>
    </Image>
    <Image Include="Rest_.png">
      <Filter>리소스 파일</Filter>
    </Image>
    <Image Include="Rest_2.png">
      <Filter>리소스 파일</Filter>
    </Image>
  </ItemGroup>
  <ItemGroup>
    <Font Include="휴면편지체.TTF" />
  </ItemGroup>
</Project>